
Microsoft Visual Studio Solution File, Format Version 12.00
# Visual Studio Version 16
VisualStudioVersion = 16.0.28917.182
MinimumVisualStudioVersion = 10.0.40219.1
Project("{FAE04EC0-301F-11D3-BF4B-00C04F79EFBC}") = "PruebaDespliegueAutomatico", "PruebaDespliegueAutomatico\PruebaDespliegueAutomatico.csproj", "{DC1F2E8B-01ED-466F-AC0E-DACDD2DA4459}"
EndProject
Project("{FAE04EC0-301F-11D3-BF4B-00C04F79EFBC}") = "DespliegueAutomaticoTest", "DespliegueAutomaticoTest\DespliegueAutomaticoTest.csproj", "{8DA7030C-4920-490E-B2B2-9B13F786BBDC}"
EndProject
Global
	GlobalSection(SolutionConfigurationPlatforms) = preSolution
		Debug|Any CPU = Debug|Any CPU
		Release|Any CPU = Release|Any CPU
	EndGlobalSection
	GlobalSection(ProjectConfigurationPlatforms) = postSolution
		{DC1F2E8B-01ED-466F-AC0E-DACDD2DA4459}.Debug|Any CPU.ActiveCfg = Debug|Any CPU
		{DC1F2E8B-01ED-466F-AC0E-DACDD2DA4459}.Debug|Any CPU.Build.0 = Debug|Any CPU
		{DC1F2E8B-01ED-466F-AC0E-DACDD2DA4459}.Release|Any CPU.ActiveCfg = Release|Any CPU
		{DC1F2E8B-01ED-466F-AC0E-DACDD2DA4459}.Release|Any CPU.Build.0 = Release|Any CPU
		{8DA7030C-4920-490E-B2B2-9B13F786BBDC}.Debug|Any CPU.ActiveCfg = Debug|Any CPU
		{8DA7030C-4920-490E-B2B2-9B13F786BBDC}.Debug|Any CPU.Build.0 = Debug|Any CPU
		{8DA7030C-4920-490E-B2B2-9B13F786BBDC}.Release|Any CPU.ActiveCfg = Release|Any CPU
		{8DA7030C-4920-490E-B2B2-9B13F786BBDC}.Release|Any CPU.Build.0 = Release|Any CPU
	EndGlobalSection
	GlobalSection(SolutionProperties) = preSolution
		HideSolutionNode = FALSE
	EndGlobalSection
	GlobalSection(ExtensibilityGlobals) = postSolution
		SolutionGuid = {3494C071-5C5C-460E-8E07-975AF0E85E47}
	EndGlobalSection
EndGlobal
